// !$*UTF8*$!
{
	archiveVersion = 1;
	classes = {
	};
	objectVersion = 46;
	objects = {

/* Begin PBXBuildFile section */
		CD21FB3C1E5A226700BFE551 /* AppDelegate.swift in Sources */ = {isa = PBXBuildFile; fileRef = CD21FB3B1E5A226700BFE551 /* AppDelegate.swift */; };
		CD21FB3E1E5A226700BFE551 /* ViewController.swift in Sources */ = {isa = PBXBuildFile; fileRef = CD21FB3D1E5A226700BFE551 /* ViewController.swift */; };
		CD21FB411E5A226700BFE551 /* Main.storyboard in Resources */ = {isa = PBXBuildFile; fileRef = CD21FB3F1E5A226700BFE551 /* Main.storyboard */; };
		CD21FB431E5A226700BFE551 /* Assets.xcassets in Resources */ = {isa = PBXBuildFile; fileRef = CD21FB421E5A226700BFE551 /* Assets.xcassets */; };
		CD21FB461E5A226700BFE551 /* LaunchScreen.storyboard in Resources */ = {isa = PBXBuildFile; fileRef = CD21FB441E5A226700BFE551 /* LaunchScreen.storyboard */; };
/* End PBXBuildFile section */

/* Begin PBXFileReference section */
		CD21FB381E5A226700BFE551 /* twitter-swift3.app */ = {isa = PBXFileReference; explicitFileType = wrapper.application; includeInIndex = 0; path = "twitter-swift3.app"; sourceTree = BUILT_PRODUCTS_DIR; };
		CD21FB3B1E5A226700BFE551 /* AppDelegate.swift */ = {isa = PBXFileReference; lastKnownFileType = sourcecode.swift; path = AppDelegate.swift; sourceTree = "<group>"; };
		CD21FB3D1E5A226700BFE551 /* ViewController.swift */ = {isa = PBXFileReference; lastKnownFileType = sourcecode.swift; path = ViewController.swift; sourceTree = "<group>"; };
		CD21FB401E5A226700BFE551 /* Base */ = {isa = PBXFileReference; lastKnownFileType = file.storyboard; name = Base; path = Base.lproj/Main.storyboard; sourceTree = "<group>"; };
		CD21FB421E5A226700BFE551 /* Assets.xcassets */ = {isa = PBXFileReference; lastKnownFileType = folder.assetcatalog; path = Assets.xcassets; sourceTree = "<group>"; };
		CD21FB451E5A226700BFE551 /* Base */ = {isa = PBXFileReference; lastKnownFileType = file.storyboard; name = Base; path = Base.lproj/LaunchScreen.storyboard; sourceTree = "<group>"; };
		CD21FB471E5A226700BFE551 /* Info.plist */ = {isa = PBXFileReference; lastKnownFileType = text.plist.xml; path = Info.plist; sourceTree = "<group>"; };
/* End PBXFileReference section */

/* Begin PBXFrameworksBuildPhase section */
		CD21FB351E5A226700BFE551 /* Frameworks */ = {
			isa = PBXFrameworksBuildPhase;
			buildActionMask = 2147483647;
			files = (
			);
			runOnlyForDeploymentPostprocessing = 0;
		};
/* End PBXFrameworksBuildPhase section */

/* Begin PBXGroup section */
		CD21FB2F1E5A226700BFE551 = {
			isa = PBXGroup;
			children = (
				CD21FB3A1E5A226700BFE551 /* twitter-swift3 */,
				CD21FB391E5A226700BFE551 /* Products */,
			);
			sourceTree = "<group>";
		};
		CD21FB391E5A226700BFE551 /* Products */ = {
			isa = PBXGroup;
			children = (
				CD21FB381E5A226700BFE551 /* twitter-swift3.app */,
			);
			name = Products;
			sourceTree = "<group>";
		};
		CD21FB3A1E5A226700BFE551 /* twitter-swift3 */ = {
			isa = PBXGroup;
			children = (
				CD21FB3B1E5A226700BFE551 /* AppDelegate.swift */,
				CD21FB3D1E5A226700BFE551 /* ViewController.swift */,
				CD21FB3F1E5A226700BFE551 /* Main.storyboard */,
				CD21FB421E5A226700BFE551 /* Assets.xcassets */,
				CD21FB441E5A226700BFE551 /* LaunchScreen.storyboard */,
				CD21FB471E5A226700BFE551 /* Info.plist */,
			);
			path = "twitter-swift3";
			sourceTree = "<group>";
		};
/* End PBXGroup section */

/* Begin PBXNativeTarget section */
		CD21FB371E5A226700BFE551 /* twitter-swift3 */ = {
			isa = PBXNativeTarget;
			buildConfigurationList = CD21FB4A1E5A226700BFE551 /* Build configuration list for PBXNativeTarget "twitter-swift3" */;
			buildPhases = (
				CD21FB341E5A226700BFE551 /* Sources */,
				CD21FB351E5A226700BFE551 /* Frameworks */,
				CD21FB361E5A226700BFE551 /* Resources */,
			);
			buildRules = (
			);
			dependencies = (
			);
			name = "twitter-swift3";
			productName = "twitter-swift3";
			productReference = CD21FB381E5A226700BFE551 /* twitter-swift3.app */;
			productType = "com.apple.product-type.application";
		};
/* End PBXNativeTarget section */

/* Begin PBXProject section */
		CD21FB301E5A226700BFE551 /* Project object */ = {
			isa = PBXProject;
			attributes = {
				LastSwiftUpdateCheck = 0820;
				LastUpgradeCheck = 0820;
				ORGANIZATIONNAME = ccsf;
				TargetAttributes = {
					CD21FB371E5A226700BFE551 = {
						CreatedOnToolsVersion = 8.2.1;
						ProvisioningStyle = Automatic;
					};
				};
			};
			buildConfigurationList = CD21FB331E5A226700BFE551 /* Build configuration list for PBXProject "twitter-swift3" */;
			compatibilityVersion = "Xcode 3.2";
			developmentRegion = English;
			hasScannedForEncodings = 0;
			knownRegions = (
				en,
				Base,
			);
			mainGroup = CD21FB2F1E5A226700BFE551;
			productRefGroup = CD21FB391E5A226700BFE551 /* Products */;
			projectDirPath = "";
			projectRoot = "";
			targets = (
				CD21FB371E5A226700BFE551 /* twitter-swift3 */,
			);
		};
/* End PBXProject section */

/* Begin PBXResourcesBuildPhase section */
		CD21FB361E5A226700BFE551 /* Resources */ = {
			isa = PBXResourcesBuildPhase;
			buildActionMask = 2147483647;
			files = (
				CD21FB461E5A226700BFE551 /* LaunchScreen.storyboard in Resources */,
				CD21FB431E5A226700BFE551 /* Assets.xcassets in Resources */,
				CD21FB411E5A226700BFE551 /* Main.storyboard in Resources */,
			);
			runOnlyForDeploymentPostprocessing = 0;
		};
/* End PBXResourcesBuildPhase section */

/* Begin PBXSourcesBuildPhase section */
		CD21FB341E5A226700BFE551 /* Sources */ = {
			isa = PBXSourcesBuildPhase;
			buildActionMask = 2147483647;
			files = (
				CD21FB3E1E5A226700BFE551 /* ViewController.swift in Sources */,
				CD21FB3C1E5A226700BFE551 /* AppDelegate.swift in Sources */,
			);
			runOnlyForDeploymentPostprocessing = 0;
		};
/* End PBXSourcesBuildPhase section */

/* Begin PBXVariantGroup section */
		CD21FB3F1E5A226700BFE551 /* Main.storyboard */ = {
			isa = PBXVariantGroup;
			children = (
				CD21FB401E5A226700BFE551 /* Base */,
			);
			name = Main.storyboard;
			sourceTree = "<group>";
		};
		CD21FB441E5A226700BFE551 /* LaunchScreen.storyboard */ = {
			isa = PBXVariantGroup;
			children = (
				CD21FB451E5A226700BFE551 /* Base */,
			);
			name = LaunchScreen.storyboard;
			sourceTree = "<group>";
		};
/* End PBXVariantGroup section */

/* Begin XCBuildConfiguration section */
		CD21FB481E5A226700BFE551 /* Debug */ = {
			isa = XCBuildConfiguration;
			buildSettings = {
				ALWAYS_SEARCH_USER_PATHS = NO;
				CLANG_ANALYZER_NONNULL = YES;
				CLANG_CXX_LANGUAGE_STANDARD = "gnu++0x";
				CLANG_CXX_LIBRARY = "libc++";
				CLANG_ENABLE_MODULES = YES;
				CLANG_ENABLE_OBJC_ARC = YES;
				CLANG_WARN_BOOL_CONVERSION = YES;
				CLANG_WARN_CONSTANT_CONVERSION = YES;
				CLANG_WARN_DIRECT_OBJC_ISA_USAGE = YES_ERROR;
				CLANG_WARN_DOCUMENTATION_COMMENTS = YES;
				CLANG_WARN_EMPTY_BODY = YES;
				CLANG_WARN_ENUM_CONVERSION = YES;
				CLANG_WARN_INFINITE_RECURSION = YES;
				CLANG_WARN_INT_CONVERSION = YES;
				CLANG_WARN_OBJC_ROOT_CLASS = YES_ERROR;
				CLANG_WARN_SUSPICIOUS_MOVE = YES;
				CLANG_WARN_UNREACHABLE_CODE = YES;
				CLANG_WARN__DUPLICATE_METHOD_MATCH = YES;
				"CODE_SIGN_IDENTITY[sdk=iphoneos*]" = "iPhone Developer";
				COPY_PHASE_STRIP = NO;
				DEBUG_INFORMATION_FORMAT = dwarf;
				ENABLE_STRICT_OBJC_MSGSEND = YES;
				ENABLE_TESTABILITY = YES;
				GCC_C_LANGUAGE_STANDARD = gnu99;
				GCC_DYNAMIC_NO_PIC = NO;
				GCC_NO_COMMON_BLOCKS = YES;
				GCC_OPTIMIZATION_LEVEL = 0;
				GCC_PREPROCESSOR_DEFINITIONS = (
					"DEBUG=1",
					"$(inherited)",
				);
				GCC_WARN_64_TO_32_BIT_CONVERSION = YES;
				GCC_WARN_ABOUT_RETURN_TYPE = YES_ERROR;
				GCC_WARN_UNDECLARED_SELECTOR = YES;
				GCC_WARN_UNINITIALIZED_AUTOS = YES_AGGRESSIVE;
				GCC_WARN_UNUSED_FUNCTION = YES;
				GCC_WARN_UNUSED_VARIABLE = YES;
				IPHONEOS_DEPLOYMENT_TARGET = 10.2;
				MTL_ENABLE_DEBUG_INFO = YES;
				ONLY_ACTIVE_ARCH = YES;
				SDKROOT = iphoneos;
				SWIFT_ACTIVE_COMPILATION_CONDITIONS = DEBUG;
				SWIFT_OPTIMIZATION_LEVEL = "-Onone";
				TARGETED_DEVICE_FAMILY = "1,2";
			};
			name = Debug;
		};
		CD21FB491E5A226700BFE551 /* Release */ = {
			isa = XCBuildConfiguration;
			buildSettings = {
				ALWAYS_SEARCH_USER_PATHS = NO;
				CLANG_ANALYZER_NONNULL = YES;
				CLANG_CXX_LANGUAGE_STANDARD = "gnu++0x";
				CLANG_CXX_LIBRARY = "libc++";
				CLANG_ENABLE_MODULES = YES;
				CLANG_ENABLE_OBJC_ARC = YES;
				CLANG_WARN_BOOL_CONVERSION = YES;
				CLANG_WARN_CONSTANT_CONVERSION = YES;
				CLANG_WARN_DIRECT_OBJC_ISA_USAGE = YES_ERROR;
				CLANG_WARN_DOCUMENTATION_COMMENTS = YES;
				CLANG_WARN_EMPTY_BODY = YES;
				CLANG_WARN_ENUM_CONVERSION = YES;
				CLANG_WARN_INFINITE_RECURSION = YES;
				CLANG_WARN_INT_CONVERSION = YES;
				CLANG_WARN_OBJC_ROOT_CLASS = YES_ERROR;
				CLANG_WARN_SUSPICIOUS_MOVE = YES;
				CLANG_WARN_UNREACHABLE_CODE = YES;
				CLANG_WARN__DUPLICATE_METHOD_MATCH = YES;
				"CODE_SIGN_IDENTITY[sdk=iphoneos*]" = "iPhone Developer";
				COPY_PHASE_STRIP = NO;
				DEBUG_INFORMATION_FORMAT = "dwarf-with-dsym";
				ENABLE_NS_ASSERTIONS = NO;
				ENABLE_STRICT_OBJC_MSGSEND = YES;
				GCC_C_LANGUAGE_STANDARD = gnu99;
				GCC_NO_COMMON_BLOCKS = YES;
				GCC_WARN_64_TO_32_BIT_CONVERSION = YES;
				GCC_WARN_ABOUT_RETURN_TYPE = YES_ERROR;
				GCC_WARN_UNDECLARED_SELECTOR = YES;
				GCC_WARN_UNINITIALIZED_AUTOS = YES_AGGRESSIVE;
				GCC_WARN_UNUSED_FUNCTION = YES;
				GCC_WARN_UNUSED_VARIABLE = YES;
				IPHONEOS_DEPLOYMENT_TARGET = 10.2;
				MTL_ENABLE_DEBUG_INFO = NO;
				SDKROOT = iphoneos;
				SWIFT_OPTIMIZATION_LEVEL = "-Owholemodule";
				TARGETED_DEVICE_FAMILY = "1,2";
				VALIDATE_PRODUCT = YES;
			};
			name = Release;
		};
		CD21FB4B1E5A226800BFE551 /* Debug */ = {
			isa = XCBuildConfiguration;
			buildSettings = {
				ASSETCATALOG_COMPILER_APPICON_NAME = AppIcon;
				INFOPLIST_FILE = "twitter-swift3/Info.plist";
				LD_RUNPATH_SEARCH_PATHS = "$(inherited) @executable_path/Frameworks";
				PRODUCT_BUNDLE_IDENTIFIER = "edu.ccsf.twitter-swift3";
				PRODUCT_NAME = "$(TARGET_NAME)";
				SWIFT_VERSION = 3.0;
			};
			name = Debug;
		};
		CD21FB4C1E5A226800BFE551 /* Release */ = {
			isa = XCBuildConfiguration;
			buildSettings = {
				ASSETCATALOG_COMPILER_APPICON_NAME = AppIcon;
				INFOPLIST_FILE = "twitter-swift3/Info.plist";
				LD_RUNPATH_SEARCH_PATHS = "$(inherited) @executable_path/Frameworks";
				PRODUCT_BUNDLE_IDENTIFIER = "edu.ccsf.twitter-swift3";
				PRODUCT_NAME = "$(TARGET_NAME)";
				SWIFT_VERSION = 3.0;
			};
			name = Release;
		};
/* End XCBuildConfiguration section */

/* Begin XCConfigurationList section */
		CD21FB331E5A226700BFE551 /* Build configuration list for PBXProject "twitter-swift3" */ = {
			isa = XCConfigurationList;
			buildConfigurations = (
				CD21FB481E5A226700BFE551 /* Debug */,
				CD21FB491E5A226700BFE551 /* Release */,
			);
			defaultConfigurationIsVisible = 0;
			defaultConfigurationName = Release;
		};
		CD21FB4A1E5A226700BFE551 /* Build configuration list for PBXNativeTarget "twitter-swift3" */ = {
			isa = XCConfigurationList;
			buildConfigurations = (
				CD21FB4B1E5A226800BFE551 /* Debug */,
				CD21FB4C1E5A226800BFE551 /* Release */,
			);
			defaultConfigurationIsVisible = 0;
		};
/* End XCConfigurationList section */
	};
	rootObject = CD21FB301E5A226700BFE551 /* Project object */;
}
